{
  "version": 4,
  "terraform_version": "1.11.2",
  "serial": 5,
  "lineage": "bdc8d426-a95b-15c0-939f-f1a775ac8683",
  "outputs": {},
  "resources": [
    {
      "mode": "managed",
      "type": "databricks_mlflow_experiment",
      "name": "rf_breast_cancer",
      "provider": "provider[\"registry.terraform.io/databricks/databricks\"]",
      "instances": [
        {
          "schema_version": 0,
          "attributes": {
            "artifact_location": "dbfs:/databricks/mlflow-tracking/2878862233207183",
            "creation_time": 1773842504313,
            "description": null,
            "experiment_id": "2878862233207183",
            "id": "2878862233207183",
            "last_update_time": 1773842504313,
            "lifecycle_stage": "active",
            "name": "/Users/guillermo.henrion@gmail.com/Itba_2026",
            "provider_config": [],
            "tags": [
              {
                "key": "mlflow.ownerId",
                "value": "75653831666690"
              },
              {
                "key": "mlflow.experiment.sourceName",
                "value": "/Users/guillermo.henrion@gmail.com/Itba_2026"
              },
              {
                "key": "mlflow.ownerId",
                "value": "75653831666690"
              },
              {
                "key": "mlflow.ownerEmail",
                "value": "guillermo.henrion@gmail.com"
              },
              {
                "key": "mlflow.experimentType",
                "value": "MLFLOW_EXPERIMENT"
              }
            ],
            "timeouts": null
          },
          "sensitive_attributes": [],
          "private": "bnVsbA=="
        }
      ]
    },
    {
      "mode": "managed",
      "type": "databricks_volume",
      "name": "mlops_volume",
      "provider": "provider[\"registry.terraform.io/databricks/databricks\"]",
      "instances": [
        {
          "schema_version": 0,
          "attributes": {
            "catalog_name": "mlops_dev",
            "comment": "Volume para MLOps",
            "id": "mlops_dev.default.mi_volume2",
            "name": "mi_volume2",
            "owner": "guillermo.henrion@gmail.com",
            "provider_config": [],
            "schema_name": "default",
            "storage_location": "s3://dbstorage-prod-q8qib/uc/05bb011e-9c2d-455f-aca2-2608eb5d4593/d549ce23-4adc-4ea2-8396-35020068b345/__unitystorage/catalogs/5f57dc6e-f8ce-4560-9dca-4ad9ec114faf/volumes/9401666a-d343-431b-9a0d-376fe13aafae",
            "volume_path": "/Volumes/mlops_dev/default/mi_volume2",
            "volume_type": "MANAGED"
          },
          "sensitive_attributes": [],
          "private": "bnVsbA=="
        }
      ]
    }
  ],
  "check_results": null
}
